{
  "name": "wish-fashion",
  "lockfileVersion": 2,
  "requires": true,
  "packages": {
    "": {
      "dependencies": {
        "bulma": "^0.9.4",
        "glider-js": "^1.7.8"
      }
    },
    "node_modules/bulma": {
      "version": "0.9.4",
      "resolved": "https://registry.npmjs.org/bulma/-/bulma-0.9.4.tgz",
      "integrity": "sha512-86FlT5+1GrsgKbPLRRY7cGDg8fsJiP/jzTqXXVqiUZZ2aZT8uemEOHlU1CDU+TxklPEZ11HZNNWclRBBecP4CQ=="
    },
    "node_modules/glider-js": {
      "version": "1.7.8",
      "resolved": "https://registry.npmjs.org/glider-js/-/glider-js-1.7.8.tgz",
      "integrity": "sha512-env4+yfoNYaeHJmEBGygjcZDpZ5LRUjGhCB6Ag+XNQfvuLVD5PhCYQShBVCAd5On7XfknM57O+V2Fwfcsii3Dw=="
    }
  },
  "dependencies": {
    "bulma": {
      "version": "0.9.4",
      "resolved": "https://registry.npmjs.org/bulma/-/bulma-0.9.4.tgz",
      "integrity": "sha512-86FlT5+1GrsgKbPLRRY7cGDg8fsJiP/jzTqXXVqiUZZ2aZT8uemEOHlU1CDU+TxklPEZ11HZNNWclRBBecP4CQ=="
    },
    "glider-js": {
      "version": "1.7.8",
      "resolved": "https://registry.npmjs.org/glider-js/-/glider-js-1.7.8.tgz",
      "integrity": "sha512-env4+yfoNYaeHJmEBGygjcZDpZ5LRUjGhCB6Ag+XNQfvuLVD5PhCYQShBVCAd5On7XfknM57O+V2Fwfcsii3Dw=="
    }
  }
}
